{
  "name": "download",
  "lockfileVersion": 3,
  "requires": true,
  "packages": {
    "": {
      "dependencies": {
        "web-midi-api": "^2.2.9"
      }
    },
    "node_modules/@types/webmidi": {
      "version": "2.0.10",
      "resolved": "https://registry.npmjs.org/@types/webmidi/-/webmidi-2.0.10.tgz",
      "integrity": "sha512-4RmTFMB6mN2h8XbJa1x3cOs9IOkXvFyHGcPUpUvWfmATuKg/J+dsFiMVgCE2EkpS+/8a8AP2tE3rQT1mLG7vEg=="
    },
    "node_modules/jazz-midi": {
      "version": "1.7.9",
      "resolved": "https://registry.npmjs.org/jazz-midi/-/jazz-midi-1.7.9.tgz",
      "integrity": "sha512-c8c4BBgwxdsIr1iVm53nadCrtH7BUlnX3V95ciK/gbvXN/ndE5+POskBalXgqlc/r9p2XUbdLTrgrC6fou5p9w==",
      "engines": {
        "node": ">=10.0.0"
      }
    },
    "node_modules/jzz": {
      "version": "1.8.0",
      "resolved": "https://registry.npmjs.org/jzz/-/jzz-1.8.0.tgz",
      "integrity": "sha512-mkEdizFQB3gIk9NzwIsbsKdXtu+t2uL9dCldU0AKct8YK9t5XT68V5IgZ0opfk16FkFXB0QA0Q+IEJEn7M0MQg==",
      "dependencies": {
        "@types/webmidi": "^2.0.10",
        "jazz-midi": "^1.7.9"
      }
    },
    "node_modules/web-midi-api": {
      "version": "2.2.9",
      "resolved": "https://registry.npmjs.org/web-midi-api/-/web-midi-api-2.2.9.tgz",
      "integrity": "sha512-9mXRCOmXW6mFQFcWf8MisyliNUUxw3bsK2psH6Uw5UWxvCGA/OcmAKseoRc2wlLKGtvEZ0K+D2PGka/dKBJwBQ==",
      "dependencies": {
        "jzz": "^1.8.0"
      }
    }
  }
}
